# @generated - this file is auto-generated by `mise lock` https://mise.jdx.dev/dev-tools/mise-lock.html

lockfile_version = 1

[[tools."github:can1357/oh-my-pi"]]
version = "18.1.7"
backend = "github:can1357/oh-my-pi"
specifiers = ["18.1.7"]

[tools."github:can1357/oh-my-pi"."platforms.linux-x64"]
checksum = "sha256:6940fbf242ed719735d54bf9a51d790807cf76517b1af86aca09c756bd363ba6"
url = "https://github.com/can1357/oh-my-pi/releases/download/v18.1.7/omp-linux-x64"
url_api = "https://api.github.com/repos/can1357/oh-my-pi/releases/assets/543041340"

[[tools.node]]
version = "24.20.0"
backend = "core:node"
specifiers = ["24.20.0"]

[tools.node."platforms.linux-x64"]
checksum = "sha256:855d581f8a4eb1a8117e3426de25fe02770592febcfb31369aee1ffbfee9e8ec"
url = "https://nodejs.org/dist/v24.20.0/node-v24.20.0-linux-x64.tar.gz"

[[tools."npm:@getpaseo/cli"]]
version = "0.7.2"
backend = "npm:@getpaseo/cli"
specifiers = ["0.7.2"]

[[tools."npm:@moonshot-ai/kimi-code"]]
version = "0.40.1"
backend = "npm:@moonshot-ai/kimi-code"
specifiers = ["0.40.1"]
