# @generated - this file is auto-generated by `mise lock` https://mise.jdx.dev/dev-tools/mise-lock.html

lockfile_version = 1

[[tools."github:can1357/oh-my-pi"]]
version = "18.2.6"
backend = "github:can1357/oh-my-pi"
specifiers = ["latest"]

[tools."github:can1357/oh-my-pi"."platforms.linux-x64"]
checksum = "sha256:0f38598c91e823d8cce07f151ec3999d51f213fb2cc3e07d89f1af8eef9247a2"
url = "https://github.com/can1357/oh-my-pi/releases/download/v18.2.6/omp-linux-x64"
url_api = "https://api.github.com/repos/can1357/oh-my-pi/releases/assets/573171919"

[[tools."github:stablyai/orca"]]
version = "1.4.197"
backend = "github:stablyai/orca"
specifiers = ["1.4.197"]

[tools."github:stablyai/orca".options]
asset_pattern = "orca-linux.AppImage"

[tools."github:stablyai/orca"."platforms.linux-x64"]
checksum = "sha256:4bc8462d151ff010faa54c646bb16dcc5474bf664eed5ec5028182d79926416b"
url = "https://github.com/stablyai/orca/releases/download/v1.4.197/orca-linux.AppImage"
url_api = "https://api.github.com/repos/stablyai/orca/releases/assets/543548396"

[[tools.node]]
version = "24.20.0"
backend = "core:node"
specifiers = ["24.20.0"]

[tools.node."platforms.linux-x64"]
checksum = "sha256:855d581f8a4eb1a8117e3426de25fe02770592febcfb31369aee1ffbfee9e8ec"
url = "https://nodejs.org/dist/v24.20.0/node-v24.20.0-linux-x64.tar.gz"

[[tools."npm:@getpaseo/cli"]]
version = "0.8.0"
backend = "npm:@getpaseo/cli"
specifiers = ["latest"]

[[tools."npm:@moonshot-ai/kimi-code"]]
version = "2.0.2"
backend = "npm:@moonshot-ai/kimi-code"
specifiers = ["latest"]

[[tools."npm:t3"]]
version = "0.0.42"
backend = "npm:t3"
specifiers = ["latest"]

[tools."npm:t3".options]
allow_builds = '["node-pty"]'
trust_policy_excludes = '["@pierre/theme@1.1.0"]'
